
Microsoft Visual Studio Solution File, Format Version 12.00
# Visual Studio 15
VisualStudioVersion = 15.0.27703.2026
MinimumVisualStudioVersion = 10.0.40219.1
Project("{FAE04EC0-301F-11D3-BF4B-00C04F79EFBC}") = "RectanglePack", "RectanglePack\RectanglePack.csproj", "{5B21F493-ECBA-4445-8EAB-9263A3EBEB65}"
EndProject
Global
	GlobalSection(SolutionConfigurationPlatforms) = preSolution
		Debug|Any CPU = Debug|Any CPU
		Release|Any CPU = Release|Any CPU
	EndGlobalSection
	GlobalSection(ProjectConfigurationPlatforms) = postSolution
		{5B21F493-ECBA-4445-8EAB-9263A3EBEB65}.Debug|Any CPU.ActiveCfg = Debug|Any CPU
		{5B21F493-ECBA-4445-8EAB-9263A3EBEB65}.Debug|Any CPU.Build.0 = Debug|Any CPU
		{5B21F493-ECBA-4445-8EAB-9263A3EBEB65}.Release|Any CPU.ActiveCfg = Release|Any CPU
		{5B21F493-ECBA-4445-8EAB-9263A3EBEB65}.Release|Any CPU.Build.0 = Release|Any CPU
	EndGlobalSection
	GlobalSection(SolutionProperties) = preSolution
		HideSolutionNode = FALSE
	EndGlobalSection
	GlobalSection(ExtensibilityGlobals) = postSolution
		SolutionGuid = {FC1F8990-0AD0-45B8-A0C5-3AB8A73706E5}
	EndGlobalSection
EndGlobal
